
Microsoft Visual Studio Solution File, Format Version 12.00
# Visual Studio 2012
Project("{888888A0-9F3D-457C-B088-3A5042F75D52}") = "cudamat", "cudamat.pyproj", "{1714B23B-9CA3-4AD1-8B56-EB77C4605FEB}"
EndProject
Global
	GlobalSection(SolutionConfigurationPlatforms) = preSolution
		Debug|Any CPU = Debug|Any CPU
		Release|Any CPU = Release|Any CPU
	EndGlobalSection
	GlobalSection(ProjectConfigurationPlatforms) = postSolution
		{1714B23B-9CA3-4AD1-8B56-EB77C4605FEB}.Debug|Any CPU.ActiveCfg = Debug|Any CPU
		{1714B23B-9CA3-4AD1-8B56-EB77C4605FEB}.Release|Any CPU.ActiveCfg = Release|Any CPU
	EndGlobalSection
	GlobalSection(SolutionProperties) = preSolution
		HideSolutionNode = FALSE
	EndGlobalSection
EndGlobal
